
Microsoft Visual Studio Solution File, Format Version 12.00
# Visual Studio Version 16
VisualStudioVersion = 16.0.32126.315
MinimumVisualStudioVersion = 10.0.40219.1
Project("{FAE04EC0-301F-11D3-BF4B-00C04F79EFBC}") = "desafio", "desafio\desafio.csproj", "{B7EE074B-70F6-47D9-B5B7-9A555DDCA501}"
EndProject
Global
	GlobalSection(SolutionConfigurationPlatforms) = preSolution
		Debug|Any CPU = Debug|Any CPU
		Release|Any CPU = Release|Any CPU
	EndGlobalSection
	GlobalSection(ProjectConfigurationPlatforms) = postSolution
		{B7EE074B-70F6-47D9-B5B7-9A555DDCA501}.Debug|Any CPU.ActiveCfg = Debug|Any CPU
		{B7EE074B-70F6-47D9-B5B7-9A555DDCA501}.Debug|Any CPU.Build.0 = Debug|Any CPU
		{B7EE074B-70F6-47D9-B5B7-9A555DDCA501}.Release|Any CPU.ActiveCfg = Release|Any CPU
		{B7EE074B-70F6-47D9-B5B7-9A555DDCA501}.Release|Any CPU.Build.0 = Release|Any CPU
	EndGlobalSection
	GlobalSection(SolutionProperties) = preSolution
		HideSolutionNode = FALSE
	EndGlobalSection
	GlobalSection(ExtensibilityGlobals) = postSolution
		SolutionGuid = {1D3AC3B1-D259-4169-A9F7-659876FC32BC}
	EndGlobalSection
EndGlobal
