
Microsoft Visual Studio Solution File, Format Version 12.00
# Visual Studio Version 16
VisualStudioVersion = 16.0.32126.315
MinimumVisualStudioVersion = 10.0.40219.1
Project("{FAE04EC0-301F-11D3-BF4B-00C04F79EFBC}") = "Lista 4 - Questão 7", "Lista 4 - Questão 7\Lista 4 - Questão 7.csproj", "{4CFAAE62-E0F4-4A9D-B7A4-258FE57F6B44}"
EndProject
Global
	GlobalSection(SolutionConfigurationPlatforms) = preSolution
		Debug|Any CPU = Debug|Any CPU
		Release|Any CPU = Release|Any CPU
	EndGlobalSection
	GlobalSection(ProjectConfigurationPlatforms) = postSolution
		{4CFAAE62-E0F4-4A9D-B7A4-258FE57F6B44}.Debug|Any CPU.ActiveCfg = Debug|Any CPU
		{4CFAAE62-E0F4-4A9D-B7A4-258FE57F6B44}.Debug|Any CPU.Build.0 = Debug|Any CPU
		{4CFAAE62-E0F4-4A9D-B7A4-258FE57F6B44}.Release|Any CPU.ActiveCfg = Release|Any CPU
		{4CFAAE62-E0F4-4A9D-B7A4-258FE57F6B44}.Release|Any CPU.Build.0 = Release|Any CPU
	EndGlobalSection
	GlobalSection(SolutionProperties) = preSolution
		HideSolutionNode = FALSE
	EndGlobalSection
	GlobalSection(ExtensibilityGlobals) = postSolution
		SolutionGuid = {AE3B7532-A552-4843-8628-C55E94CF75CC}
	EndGlobalSection
EndGlobal
