
Microsoft Visual Studio Solution File, Format Version 12.00
# Visual Studio Version 16
VisualStudioVersion = 16.0.32126.315
MinimumVisualStudioVersion = 10.0.40219.1
Project("{FAE04EC0-301F-11D3-BF4B-00C04F79EFBC}") = "lista2", "lista2\lista2.csproj", "{F9F0BEBD-744D-4463-8596-2B56618BEE7A}"
EndProject
Global
	GlobalSection(SolutionConfigurationPlatforms) = preSolution
		Debug|Any CPU = Debug|Any CPU
		Release|Any CPU = Release|Any CPU
	EndGlobalSection
	GlobalSection(ProjectConfigurationPlatforms) = postSolution
		{F9F0BEBD-744D-4463-8596-2B56618BEE7A}.Debug|Any CPU.ActiveCfg = Debug|Any CPU
		{F9F0BEBD-744D-4463-8596-2B56618BEE7A}.Debug|Any CPU.Build.0 = Debug|Any CPU
		{F9F0BEBD-744D-4463-8596-2B56618BEE7A}.Release|Any CPU.ActiveCfg = Release|Any CPU
		{F9F0BEBD-744D-4463-8596-2B56618BEE7A}.Release|Any CPU.Build.0 = Release|Any CPU
	EndGlobalSection
	GlobalSection(SolutionProperties) = preSolution
		HideSolutionNode = FALSE
	EndGlobalSection
	GlobalSection(ExtensibilityGlobals) = postSolution
		SolutionGuid = {BC439105-A7CB-4C16-A2FB-5444D0844E24}
	EndGlobalSection
EndGlobal
