
Microsoft Visual Studio Solution File, Format Version 12.00
# Visual Studio Version 16
VisualStudioVersion = 16.0.32126.315
MinimumVisualStudioVersion = 10.0.40219.1
Project("{FAE04EC0-301F-11D3-BF4B-00C04F79EFBC}") = "Lista 4 - Questão 4", "Lista 4 - Questão 4\Lista 4 - Questão 4.csproj", "{CD03FDF7-B4DE-4E78-A722-C42EBE53F773}"
EndProject
Global
	GlobalSection(SolutionConfigurationPlatforms) = preSolution
		Debug|Any CPU = Debug|Any CPU
		Release|Any CPU = Release|Any CPU
	EndGlobalSection
	GlobalSection(ProjectConfigurationPlatforms) = postSolution
		{CD03FDF7-B4DE-4E78-A722-C42EBE53F773}.Debug|Any CPU.ActiveCfg = Debug|Any CPU
		{CD03FDF7-B4DE-4E78-A722-C42EBE53F773}.Debug|Any CPU.Build.0 = Debug|Any CPU
		{CD03FDF7-B4DE-4E78-A722-C42EBE53F773}.Release|Any CPU.ActiveCfg = Release|Any CPU
		{CD03FDF7-B4DE-4E78-A722-C42EBE53F773}.Release|Any CPU.Build.0 = Release|Any CPU
	EndGlobalSection
	GlobalSection(SolutionProperties) = preSolution
		HideSolutionNode = FALSE
	EndGlobalSection
	GlobalSection(ExtensibilityGlobals) = postSolution
		SolutionGuid = {DDB2C129-98C3-4BE1-BCE8-4509D289AE71}
	EndGlobalSection
EndGlobal
