
Microsoft Visual Studio Solution File, Format Version 12.00
# Visual Studio Version 16
VisualStudioVersion = 16.0.32126.315
MinimumVisualStudioVersion = 10.0.40219.1
Project("{FAE04EC0-301F-11D3-BF4B-00C04F79EFBC}") = "Lista 4 - Questão 5", "Lista 4 - Questão 5\Lista 4 - Questão 5.csproj", "{55F43287-6EE7-4B4A-90F8-03AD36288708}"
EndProject
Global
	GlobalSection(SolutionConfigurationPlatforms) = preSolution
		Debug|Any CPU = Debug|Any CPU
		Release|Any CPU = Release|Any CPU
	EndGlobalSection
	GlobalSection(ProjectConfigurationPlatforms) = postSolution
		{55F43287-6EE7-4B4A-90F8-03AD36288708}.Debug|Any CPU.ActiveCfg = Debug|Any CPU
		{55F43287-6EE7-4B4A-90F8-03AD36288708}.Debug|Any CPU.Build.0 = Debug|Any CPU
		{55F43287-6EE7-4B4A-90F8-03AD36288708}.Release|Any CPU.ActiveCfg = Release|Any CPU
		{55F43287-6EE7-4B4A-90F8-03AD36288708}.Release|Any CPU.Build.0 = Release|Any CPU
	EndGlobalSection
	GlobalSection(SolutionProperties) = preSolution
		HideSolutionNode = FALSE
	EndGlobalSection
	GlobalSection(ExtensibilityGlobals) = postSolution
		SolutionGuid = {D877A54C-2B33-4AFD-8708-B3ECFE425F9B}
	EndGlobalSection
EndGlobal
