
Microsoft Visual Studio Solution File, Format Version 12.00
# Visual Studio Version 16
VisualStudioVersion = 16.0.32126.315
MinimumVisualStudioVersion = 10.0.40219.1
Project("{FAE04EC0-301F-11D3-BF4B-00C04F79EFBC}") = "JogoDino", "JogoDino.csproj", "{C8101B59-EFFD-4A95-8C4B-BED4F40FB37D}"
EndProject
Global
	GlobalSection(SolutionConfigurationPlatforms) = preSolution
		Debug|Any CPU = Debug|Any CPU
		Release|Any CPU = Release|Any CPU
	EndGlobalSection
	GlobalSection(ProjectConfigurationPlatforms) = postSolution
		{C8101B59-EFFD-4A95-8C4B-BED4F40FB37D}.Debug|Any CPU.ActiveCfg = Debug|Any CPU
		{C8101B59-EFFD-4A95-8C4B-BED4F40FB37D}.Debug|Any CPU.Build.0 = Debug|Any CPU
		{C8101B59-EFFD-4A95-8C4B-BED4F40FB37D}.Release|Any CPU.ActiveCfg = Release|Any CPU
		{C8101B59-EFFD-4A95-8C4B-BED4F40FB37D}.Release|Any CPU.Build.0 = Release|Any CPU
	EndGlobalSection
	GlobalSection(SolutionProperties) = preSolution
		HideSolutionNode = FALSE
	EndGlobalSection
	GlobalSection(ExtensibilityGlobals) = postSolution
		SolutionGuid = {9FA078B5-974B-4A6F-9D86-A3EDD202C823}
	EndGlobalSection
EndGlobal
