
Microsoft Visual Studio Solution File, Format Version 12.00
# Visual Studio Version 16
VisualStudioVersion = 16.0.32126.315
MinimumVisualStudioVersion = 10.0.40219.1
Project("{FAE04EC0-301F-11D3-BF4B-00C04F79EFBC}") = "Lista 5 -8", "Lista 5 -8\Lista 5 -8.csproj", "{7E904A52-7BE4-4094-AD92-572762116B1A}"
EndProject
Global
	GlobalSection(SolutionConfigurationPlatforms) = preSolution
		Debug|Any CPU = Debug|Any CPU
		Release|Any CPU = Release|Any CPU
	EndGlobalSection
	GlobalSection(ProjectConfigurationPlatforms) = postSolution
		{7E904A52-7BE4-4094-AD92-572762116B1A}.Debug|Any CPU.ActiveCfg = Debug|Any CPU
		{7E904A52-7BE4-4094-AD92-572762116B1A}.Debug|Any CPU.Build.0 = Debug|Any CPU
		{7E904A52-7BE4-4094-AD92-572762116B1A}.Release|Any CPU.ActiveCfg = Release|Any CPU
		{7E904A52-7BE4-4094-AD92-572762116B1A}.Release|Any CPU.Build.0 = Release|Any CPU
	EndGlobalSection
	GlobalSection(SolutionProperties) = preSolution
		HideSolutionNode = FALSE
	EndGlobalSection
	GlobalSection(ExtensibilityGlobals) = postSolution
		SolutionGuid = {7DED2D9D-1544-46CA-979F-C4D0483264FA}
	EndGlobalSection
EndGlobal
