
Microsoft Visual Studio Solution File, Format Version 12.00
# Visual Studio Version 16
VisualStudioVersion = 16.0.32126.315
MinimumVisualStudioVersion = 10.0.40219.1
Project("{FAE04EC0-301F-11D3-BF4B-00C04F79EFBC}") = "revisao1.7", "revisao1.7\revisao1.7.csproj", "{B1F8FFEF-1DFB-4F20-81CC-7D3A70E51AB9}"
EndProject
Global
	GlobalSection(SolutionConfigurationPlatforms) = preSolution
		Debug|Any CPU = Debug|Any CPU
		Release|Any CPU = Release|Any CPU
	EndGlobalSection
	GlobalSection(ProjectConfigurationPlatforms) = postSolution
		{B1F8FFEF-1DFB-4F20-81CC-7D3A70E51AB9}.Debug|Any CPU.ActiveCfg = Debug|Any CPU
		{B1F8FFEF-1DFB-4F20-81CC-7D3A70E51AB9}.Debug|Any CPU.Build.0 = Debug|Any CPU
		{B1F8FFEF-1DFB-4F20-81CC-7D3A70E51AB9}.Release|Any CPU.ActiveCfg = Release|Any CPU
		{B1F8FFEF-1DFB-4F20-81CC-7D3A70E51AB9}.Release|Any CPU.Build.0 = Release|Any CPU
	EndGlobalSection
	GlobalSection(SolutionProperties) = preSolution
		HideSolutionNode = FALSE
	EndGlobalSection
	GlobalSection(ExtensibilityGlobals) = postSolution
		SolutionGuid = {B27B5F23-AF01-4D9D-9B17-3210CDB9AA91}
	EndGlobalSection
EndGlobal
