
Microsoft Visual Studio Solution File, Format Version 12.00
# Visual Studio Version 16
VisualStudioVersion = 16.0.32126.315
MinimumVisualStudioVersion = 10.0.40219.1
Project("{FAE04EC0-301F-11D3-BF4B-00C04F79EFBC}") = "revisão1.6", "revisão1.6\revisão1.6.csproj", "{7CB547C1-0F97-4707-B186-33B53C3CBB94}"
EndProject
Global
	GlobalSection(SolutionConfigurationPlatforms) = preSolution
		Debug|Any CPU = Debug|Any CPU
		Release|Any CPU = Release|Any CPU
	EndGlobalSection
	GlobalSection(ProjectConfigurationPlatforms) = postSolution
		{7CB547C1-0F97-4707-B186-33B53C3CBB94}.Debug|Any CPU.ActiveCfg = Debug|Any CPU
		{7CB547C1-0F97-4707-B186-33B53C3CBB94}.Debug|Any CPU.Build.0 = Debug|Any CPU
		{7CB547C1-0F97-4707-B186-33B53C3CBB94}.Release|Any CPU.ActiveCfg = Release|Any CPU
		{7CB547C1-0F97-4707-B186-33B53C3CBB94}.Release|Any CPU.Build.0 = Release|Any CPU
	EndGlobalSection
	GlobalSection(SolutionProperties) = preSolution
		HideSolutionNode = FALSE
	EndGlobalSection
	GlobalSection(ExtensibilityGlobals) = postSolution
		SolutionGuid = {ADD22157-67D8-4C8C-B9E3-69007C20B7E4}
	EndGlobalSection
EndGlobal
